
Microsoft Visual Studio Solution File, Format Version 12.00
# Visual Studio Version 17
VisualStudioVersion = 17.12.35521.163 d17.12
MinimumVisualStudioVersion = 10.0.40219.1
Project("{FAE04EC0-301F-11D3-BF4B-00C04F79EFBC}") = "Tyuiu.SizikovSS.Sprint7.V8", "Tyuiu.SizikovSS.Sprint7.V8\Tyuiu.SizikovSS.Sprint7.V8.csproj", "{4EAA8BD4-B13A-471D-924D-7ED080C6FDE7}"
EndProject
Project("{FAE04EC0-301F-11D3-BF4B-00C04F79EFBC}") = "Tyuiu.SizikovSS.Sprint7.V8.Lib", "Tyuiu.SizikovSS.Sprint7.V8.Lib\Tyuiu.SizikovSS.Sprint7.V8.Lib.csproj", "{C3E2C05E-D6CA-45CB-98FE-889E9DC8A226}"
EndProject
Project("{FAE04EC0-301F-11D3-BF4B-00C04F79EFBC}") = "Tyuiu.SizikovSS.Sprint7.V8.Test", "Tyuiu.SizikovSS.Sprint7.V8.Test\Tyuiu.SizikovSS.Sprint7.V8.Test.csproj", "{1C854021-A337-490E-88B8-3CDDCCB508DD}"
EndProject
Global
	GlobalSection(SolutionConfigurationPlatforms) = preSolution
		Debug|Any CPU = Debug|Any CPU
		Release|Any CPU = Release|Any CPU
	EndGlobalSection
	GlobalSection(ProjectConfigurationPlatforms) = postSolution
		{4EAA8BD4-B13A-471D-924D-7ED080C6FDE7}.Debug|Any CPU.ActiveCfg = Debug|Any CPU
		{4EAA8BD4-B13A-471D-924D-7ED080C6FDE7}.Debug|Any CPU.Build.0 = Debug|Any CPU
		{4EAA8BD4-B13A-471D-924D-7ED080C6FDE7}.Release|Any CPU.ActiveCfg = Release|Any CPU
		{4EAA8BD4-B13A-471D-924D-7ED080C6FDE7}.Release|Any CPU.Build.0 = Release|Any CPU
		{C3E2C05E-D6CA-45CB-98FE-889E9DC8A226}.Debug|Any CPU.ActiveCfg = Debug|Any CPU
		{C3E2C05E-D6CA-45CB-98FE-889E9DC8A226}.Debug|Any CPU.Build.0 = Debug|Any CPU
		{C3E2C05E-D6CA-45CB-98FE-889E9DC8A226}.Release|Any CPU.ActiveCfg = Release|Any CPU
		{C3E2C05E-D6CA-45CB-98FE-889E9DC8A226}.Release|Any CPU.Build.0 = Release|Any CPU
		{1C854021-A337-490E-88B8-3CDDCCB508DD}.Debug|Any CPU.ActiveCfg = Debug|Any CPU
		{1C854021-A337-490E-88B8-3CDDCCB508DD}.Debug|Any CPU.Build.0 = Debug|Any CPU
		{1C854021-A337-490E-88B8-3CDDCCB508DD}.Release|Any CPU.ActiveCfg = Release|Any CPU
		{1C854021-A337-490E-88B8-3CDDCCB508DD}.Release|Any CPU.Build.0 = Release|Any CPU
	EndGlobalSection
	GlobalSection(SolutionProperties) = preSolution
		HideSolutionNode = FALSE
	EndGlobalSection
EndGlobal
